
Microsoft Visual Studio Solution File, Format Version 12.00
# Visual Studio Version 17
VisualStudioVersion = 17.10.35004.147
MinimumVisualStudioVersion = 10.0.40219.1
Project("{9A19103F-16F7-4668-BE54-9A1E7A4F7556}") = "RGSSLib", "RGSSLib\RGSSLib.csproj", "{0B797031-1480-4564-8550-48C9A1D5F1A1}"
EndProject
Project("{9A19103F-16F7-4668-BE54-9A1E7A4F7556}") = "RGSSCli", "RGSSCli\RGSSCli.csproj", "{40623B8E-A180-4FD7-AA26-14028355C0CC}"
EndProject
Project("{FAE04EC0-301F-11D3-BF4B-00C04F79EFBC}") = "RGSSGui", "RGSSGui\RGSSGui.csproj", "{CCD07C56-262C-4EFD-B3E0-9FB0BA549AA0}"
EndProject
Global
	GlobalSection(SolutionConfigurationPlatforms) = preSolution
		Debug|Any CPU = Debug|Any CPU
		Release|Any CPU = Release|Any CPU
	EndGlobalSection
	GlobalSection(ProjectConfigurationPlatforms) = postSolution
		{0B797031-1480-4564-8550-48C9A1D5F1A1}.Debug|Any CPU.ActiveCfg = Debug|Any CPU
		{0B797031-1480-4564-8550-48C9A1D5F1A1}.Debug|Any CPU.Build.0 = Debug|Any CPU
		{0B797031-1480-4564-8550-48C9A1D5F1A1}.Release|Any CPU.ActiveCfg = Release|Any CPU
		{0B797031-1480-4564-8550-48C9A1D5F1A1}.Release|Any CPU.Build.0 = Release|Any CPU
		{40623B8E-A180-4FD7-AA26-14028355C0CC}.Debug|Any CPU.ActiveCfg = Debug|Any CPU
		{40623B8E-A180-4FD7-AA26-14028355C0CC}.Debug|Any CPU.Build.0 = Debug|Any CPU
		{40623B8E-A180-4FD7-AA26-14028355C0CC}.Release|Any CPU.ActiveCfg = Release|Any CPU
		{40623B8E-A180-4FD7-AA26-14028355C0CC}.Release|Any CPU.Build.0 = Release|Any CPU
		{CCD07C56-262C-4EFD-B3E0-9FB0BA549AA0}.Debug|Any CPU.ActiveCfg = Debug|Any CPU
		{CCD07C56-262C-4EFD-B3E0-9FB0BA549AA0}.Debug|Any CPU.Build.0 = Debug|Any CPU
		{CCD07C56-262C-4EFD-B3E0-9FB0BA549AA0}.Release|Any CPU.ActiveCfg = Release|Any CPU
		{CCD07C56-262C-4EFD-B3E0-9FB0BA549AA0}.Release|Any CPU.Build.0 = Release|Any CPU
	EndGlobalSection
	GlobalSection(SolutionProperties) = preSolution
		HideSolutionNode = FALSE
	EndGlobalSection
	GlobalSection(ExtensibilityGlobals) = postSolution
		SolutionGuid = {DD1F78B5-7BA3-4DE8-ADD3-A5C484241391}
	EndGlobalSection
EndGlobal
